PODS:
  - APIKit (1.0.0-beta.6):
    - Result (~> 0.6-beta.1)
  - ESActiveCounter (0.1.4):
    - ESNotification (~> 0.2.0)
  - ESAppKitExtension (0.1.1)
  - ESCoreGraphicsExtension (0.1.3):
    - Swim (~> 1.4.0)
  - ESGists (0.1.4-beta):
    - APIKit (~> 1.0.0-beta4)
    - ESActiveCounter (~> 0.1.4)
    - ESAppKitExtension (~> 0.1.1)
    - ESCoreGraphicsExtension (~> 0.1.3)
    - ESNotification (~> 0.2.0)
    - ESThread (~> 0.1.0)
    - Himotoki (~> 1.0.0)
    - Ocean (~> 1.4.0)
    - Swim (~> 1.4.0)
  - ESNotification (0.2.2):
    - ESThread (~> 0.1.0)
    - Swim (~> 1.4.0)
  - ESProgressHUD (0.1.2):
    - ESActiveCounter (~> 0.1.3)
    - ESAppKitExtension (~> 0.1.1)
    - ESCoreGraphicsExtension (~> 0.1.2)
  - ESThread (0.1.0)
  - Himotoki (1.0.0)
  - KeychainAccess (2.0.1)
  - Ocean (1.4.0):
    - ESActiveCounter (~> 0.1.4)
    - ESAppKitExtension (~> 0.1.1)
    - ESCoreGraphicsExtension (~> 0.1.3)
    - ESNotification (~> 0.2.0)
    - ESProgressHUD (~> 0.1.2)
    - ESThread (~> 0.1.0)
    - Swim (~> 1.4.0)
  - p2.OAuth2 (2.0.1)
  - Result (0.6.0-beta.3)
  - STTwitter (0.2.2)
  - Swim (1.4.1-beta)

DEPENDENCIES:
  - APIKit
  - ESGists (from `https://github.com/EZ-NET/ESGists.git`)
  - ESNotification (from `https://github.com/EZ-NET/ESNotification.git`, branch `master`)
  - Himotoki (from `https://github.com/ikesyo/Himotoki`)
  - KeychainAccess (from `https://github.com/kishikawakatsumi/KeychainAccess.git`,
    branch `master`)
  - Ocean (from `https://github.com/EZ-NET/ESOcean.git`, branch `master`)
  - p2.OAuth2
  - STTwitter (from `https://github.com/EZ-NET/STTwitter.git`, branch `develop`)
  - Swim (from `https://github.com/EZ-NET/ESSwim`, branch `master`)

EXTERNAL SOURCES:
  ESGists:
    :git: https://github.com/EZ-NET/ESGists.git
  ESNotification:
    :branch: master
    :git: https://github.com/EZ-NET/ESNotification.git
  Himotoki:
    :git: https://github.com/ikesyo/Himotoki
  KeychainAccess:
    :branch: master
    :git: https://github.com/kishikawakatsumi/KeychainAccess.git
  Ocean:
    :branch: master
    :git: https://github.com/EZ-NET/ESOcean.git
  STTwitter:
    :branch: develop
    :git: https://github.com/EZ-NET/STTwitter.git
  Swim:
    :branch: master
    :git: https://github.com/EZ-NET/ESSwim

CHECKOUT OPTIONS:
  ESGists:
    :commit: 87d48a074e3ec882aa2f3ae2b00ffcaaf688cd37
    :git: https://github.com/EZ-NET/ESGists.git
  ESNotification:
    :commit: ed925af278ac2e5426c5e4d6e13a81fb828b8bb2
    :git: https://github.com/EZ-NET/ESNotification.git
  Himotoki:
    :commit: 1654ca0584f75f3e934bf8c02c30db115e310954
    :git: https://github.com/ikesyo/Himotoki
  KeychainAccess:
    :commit: a25fbce761f331b4ef3deb5cccaf3a821dffcaf0
    :git: https://github.com/kishikawakatsumi/KeychainAccess.git
  Ocean:
    :commit: 1234aac116cd1903ac386a760d23f456fc3fdbaf
    :git: https://github.com/EZ-NET/ESOcean.git
  STTwitter:
    :commit: 1cda311046b5f5e40e7b40ed6bca8fe8bccd315a
    :git: https://github.com/EZ-NET/STTwitter.git
  Swim:
    :commit: 843cc1aa5d019da000c0f0e9091b654e11e08fe0
    :git: https://github.com/EZ-NET/ESSwim

SPEC CHECKSUMS:
  APIKit: 007d5f49133f0e6ad32f270be4683e74416d3eb8
  ESActiveCounter: 222f94afbe6cd9276eaadf142c88c4ea1a8750b8
  ESAppKitExtension: 3bc92382a286d8ed531c0f2e9e1a0356cae9457c
  ESCoreGraphicsExtension: 187eae3d0bec6a1f6328956305cd9a61fdd6b183
  ESGists: 8cab99a2069bf98357e7ecdf81f1a7e739d13d08
  ESNotification: 1f9a56b5210abb998b8dfb1c4e153ea5e3305d80
  ESProgressHUD: 1ce6537e3813cd96d8fb81ae34d859cd5bd2fad2
  ESThread: aa7f1d3e412716cef6c62e116a1da761449f5e48
  Himotoki: 248b55af276aef1af1a326e918aed30bc5ee25dd
  KeychainAccess: 4f43261905701098847f6995a2de3fe8b90284df
  Ocean: f6eeb71ff6df0693660ddb4524a2ee7ff43d7530
  p2.OAuth2: 6d4183a4dcec05cc6df3bab1110551854a116b9c
  Result: b80bca7becdda9a2e44c4fd65b4b4a7b5db4cf9a
  STTwitter: eb85d8770ddb0f8989f341cf41ea875e90ac6e7f
  Swim: 5d6b294188fd7ecde95450ca3e45e9d6db7df470

COCOAPODS: 0.39.0.beta.5
