PODS:
  - APIKit (1.3.0):
    - Result (~> 2.0.0)
  - ESActiveCounter (0.1.5):
    - ESNotification (~> 0.3.0)
  - ESAppKitExtension (0.1.2)
  - ESCoreGraphicsExtension (0.1.3):
    - Swim (~> 1.4.0)
  - ESGists (0.2.0):
    - APIKit (~> 1.3.0)
    - ESAppKitExtension (~> 0.1.2)
    - Himotoki (~> 1.7.0)
    - Ocean (~> 1.5.0)
  - ESNotification (0.3.0):
    - ESThread (>= 0.1.2)
    - Swim (>= 1.4.1)
  - ESProgressHUD (0.2.0):
    - ESActiveCounter (~> 0.1.4)
    - ESAppKitExtension (~> 0.1.1)
    - ESCoreGraphicsExtension (~> 0.1.3)
  - ESThread (0.1.2)
  - Himotoki (1.7.0)
  - KeychainAccess (2.3.5)
  - Ocean (1.5.0):
    - ESActiveCounter (~> 0.1.5)
    - ESAppKitExtension (~> 0.1.1)
    - ESCoreGraphicsExtension (~> 0.1.3)
    - ESNotification (~> 0.3.0)
    - ESProgressHUD (~> 0.2.0)
    - ESThread (~> 0.1.2)
    - Swim
  - p2.OAuth2 (2.2.5):
    - SwiftKeychain (~> 1.0)
  - ReachabilitySwift (2.3.3)
  - Result (2.0.0)
  - STTwitter (0.2.3)
  - SwiftKeychain (1.0.0)
  - Swim (1.4.1)

DEPENDENCIES:
  - APIKit (>= 1.1.2)
  - ESGists
  - ESNotification
  - ESThread
  - Himotoki (>= 1.5.0)
  - KeychainAccess (from `https://github.com/kishikawakatsumi/KeychainAccess.git`,
    branch `master`)
  - Ocean
  - p2.OAuth2
  - ReachabilitySwift (>= 2.0)
  - STTwitter
  - Swim

EXTERNAL SOURCES:
  KeychainAccess:
    :branch: master
    :git: https://github.com/kishikawakatsumi/KeychainAccess.git

CHECKOUT OPTIONS:
  KeychainAccess:
    :commit: 523d6cb588604c20c49445185fb06f715fe14152
    :git: https://github.com/kishikawakatsumi/KeychainAccess.git

SPEC CHECKSUMS:
  APIKit: 14c0233ad090ae2dcfc9f642bc8158ff7ad50a4b
  ESActiveCounter: 21fdeaa07eb7c748430d39906f54e6b5819f4968
  ESAppKitExtension: 990ea5e3bcd8c951cd5789ce016f4aef18a6c54e
  ESCoreGraphicsExtension: 187eae3d0bec6a1f6328956305cd9a61fdd6b183
  ESGists: 082eabffc774cd5fdfb9bf0367ce518bfb9e21c7
  ESNotification: 91828c8a6862e6ccdacda2d87bd24a9597f0f925
  ESProgressHUD: 6af7b70629ba4f4f0effb2d0ade4b77abca8f55c
  ESThread: 2b98a63113f595bd25eda46928a0ea795ed357a3
  Himotoki: a97b4a5861d6d25fc0746f0e19164eef03c19347
  KeychainAccess: e283c1981a6c5655e1984cd411c6faf16fa165ae
  Ocean: 3d984db48cffe8d49875587a8e4900de3d889d0a
  p2.OAuth2: 99c2683594a86770f31240d57a162569f1ef0743
  ReachabilitySwift: e0f6b6f280effb47731acfaaa2d5ffe223703793
  Result: 9e75e1111c774c6ac594e14907b15057053a7959
  STTwitter: 77386cb6f1807fbfc0e321b9233bdecc9786195d
  SwiftKeychain: fd9ad69f7b3ff7a0c7ba579da508bbaa89a395b2
  Swim: dacd6fb92f7d42094b97973cdaa69b46891b6d25

COCOAPODS: 0.39.0.beta.5
