PODS:
  - APIKit (1.0.0-beta1):
    - Result (~> 0.6-beta.1)
  - Himotoki (0.5.1)
  - KeychainAccess (1.2.1)
  - Ocean (1.3.10):
    - Swim (~> 1.3.11)
  - Result (0.6-beta.1)
  - STTwitter (0.2.1)
  - Swim (1.3.11)

DEPENDENCIES:
  - APIKit (from `https://github.com/ishkawa/APIKit.git`, branch `master`)
  - Himotoki (from `https://github.com/ikesyo/Himotoki.git`, branch `swift2`)
  - KeychainAccess (from `https://github.com/kishikawakatsumi/KeychainAccess.git`,
    branch `swift-2.0`)
  - Ocean (~> 1.3.10)
  - STTwitter

EXTERNAL SOURCES:
  APIKit:
    :branch: master
    :git: https://github.com/ishkawa/APIKit.git
  Himotoki:
    :branch: swift2
    :git: https://github.com/ikesyo/Himotoki.git
  KeychainAccess:
    :branch: swift-2.0
    :git: https://github.com/kishikawakatsumi/KeychainAccess.git

CHECKOUT OPTIONS:
  APIKit:
    :commit: 5cfd2e6deca826ffa0ed86168c29d597ffe20d8e
    :git: https://github.com/ishkawa/APIKit.git
  Himotoki:
    :commit: 9b20c4b278d3db96adee772b6c84ef73c7ff2e50
    :git: https://github.com/ikesyo/Himotoki.git
  KeychainAccess:
    :commit: 7879a49b81c553ad9b40cbafda34a881648e2ff3
    :git: https://github.com/kishikawakatsumi/KeychainAccess.git

SPEC CHECKSUMS:
  APIKit: cb0ce7ebc5e72d7ae4d71e0061f2f98676287c1f
  Himotoki: 162194f50e4811b0695bb9e9a1bd4aebf703c82f
  KeychainAccess: 2ffa8b1b7130263bb7fe90b359d778696fc2d8ce
  Ocean: 80ce174e68616ee26921a0c599288d932ce309f7
  Result: 6c990ec4a72470672f9fc5b6fef009da0f6f40d1
  STTwitter: 7b348a4600eb9f868a3d1c9031b4fd8533d123e7
  Swim: d6fdd3d3a9423c953f920be13b70b63905faa126

COCOAPODS: 0.38.0
