{
  "object": {
    "pins": [
      {
        "package": "APIKit",
        "repositoryURL": "https://github.com/ishkawa/APIKit",
        "state": {
          "branch": null,
          "revision": "f24f05616f8972fec937c2f069491468a8fabf85",
          "version": "5.1.0"
        }
      },
      {
        "package": "ESGists",
        "repositoryURL": "git@github.com:es-kumagai/ESGists.git",
        "state": {
          "branch": "master",
          "revision": "e8d1d14a1b63d25fea36d3eb1df926396cd16593",
          "version": null
        }
      },
      {
        "package": "ESProgressHUD",
        "repositoryURL": "https://github.com/es-kumagai/ESProgressHUD.git",
        "state": {
          "branch": "master",
          "revision": "03e95cb365b56d5846f34ec2b6b7c37e057e6068",
          "version": null
        }
      },
      {
        "package": "KeychainAccess",
        "repositoryURL": "https://github.com/kishikawakatsumi/KeychainAccess.git",
        "state": {
          "branch": null,
          "revision": "3d0ea2c0806791abcc5d7f0d9f62f1cfd4a7264d",
          "version": "4.2.0"
        }
      },
      {
        "package": "OAuth2",
        "repositoryURL": "https://github.com/p2/OAuth2",
        "state": {
          "branch": null,
          "revision": "b0c71466176f3d7a22e5da20532c01d78a661f1d",
          "version": "5.2.0"
        }
      },
      {
        "package": "Ocean",
        "repositoryURL": "git@github.com:es-kumagai/Ocean.git",
        "state": {
          "branch": "master",
          "revision": "ea9d083629eadb85bd80e44abf2911c48e9c331f",
          "version": null
        }
      },
      {
        "package": "Reachability",
        "repositoryURL": "https://github.com/ashleymills/Reachability.swift.git",
        "state": {
          "branch": null,
          "revision": "98e968e7b6c1318fb61df23e347bc319761e8acb",
          "version": "5.0.0"
        }
      },
      {
        "package": "Sky",
        "repositoryURL": "https://github.com/es-kumagai/Sky",
        "state": {
          "branch": "master",
          "revision": "5d67d048910045ed5d75463baf6e797122868ce7",
          "version": null
        }
      },
      {
        "package": "Swifter",
        "repositoryURL": "https://github.com/mattdonnelly/Swifter.git",
        "state": {
          "branch": null,
          "revision": "39541c9fb3312771fd851bde2d6a89886fbe3851",
          "version": "2.3.0"
        }
      },
      {
        "package": "Swim",
        "repositoryURL": "git@github.com:es-kumagai/Swim.git",
        "state": {
          "branch": "master",
          "revision": "f2968724355ac940beb1cf23dcb99dfa2e4fc430",
          "version": null
        }
      }
    ]
  },
  "version": 1
}
