{
  "object": {
    "pins": [
      {
        "package": "APIKit",
        "repositoryURL": "https://github.com/ishkawa/APIKit",
        "state": {
          "branch": null,
          "revision": "f24f05616f8972fec937c2f069491468a8fabf85",
          "version": "5.1.0"
        }
      },
      {
        "package": "ESGists",
        "repositoryURL": "git@github.com:es-kumagai/ESGists.git",
        "state": {
          "branch": "master",
          "revision": "e8d1d14a1b63d25fea36d3eb1df926396cd16593",
          "version": null
        }
      },
      {
        "package": "ESProgressHUD",
        "repositoryURL": "https://github.com/es-kumagai/ESProgressHUD.git",
        "state": {
          "branch": "master",
          "revision": "03e95cb365b56d5846f34ec2b6b7c37e057e6068",
          "version": null
        }
      },
      {
        "package": "KeychainAccess",
        "repositoryURL": "https://github.com/kishikawakatsumi/KeychainAccess.git",
        "state": {
          "branch": null,
          "revision": "654d52d30f3dd4592e944c3e0bccb53178c992f6",
          "version": "4.2.1"
        }
      },
      {
        "package": "OAuth2",
        "repositoryURL": "https://github.com/p2/OAuth2",
        "state": {
          "branch": null,
          "revision": "b0c71466176f3d7a22e5da20532c01d78a661f1d",
          "version": "5.2.0"
        }
      },
      {
        "package": "Ocean",
        "repositoryURL": "git@github.com:es-kumagai/Ocean.git",
        "state": {
          "branch": "master",
          "revision": "3f945f40cffc85b0fc3c1edc6220b2e4f4f89450",
          "version": null
        }
      },
      {
        "package": "Reachability",
        "repositoryURL": "https://github.com/ashleymills/Reachability.swift.git",
        "state": {
          "branch": null,
          "revision": "c01bbdf2d633cf049ae1ed1a68a2020a8bda32e2",
          "version": "5.1.0"
        }
      },
      {
        "package": "Sky",
        "repositoryURL": "https://github.com/es-kumagai/Sky",
        "state": {
          "branch": "master",
          "revision": "5d67d048910045ed5d75463baf6e797122868ce7",
          "version": null
        }
      },
      {
        "package": "Swifter",
        "repositoryURL": "https://github.com/mattdonnelly/Swifter.git",
        "state": {
          "branch": null,
          "revision": "39541c9fb3312771fd851bde2d6a89886fbe3851",
          "version": "2.3.0"
        }
      },
      {
        "package": "Swim",
        "repositoryURL": "git@github.com:es-kumagai/Swim.git",
        "state": {
          "branch": "master",
          "revision": "74b08a98d407166759a0266c793929293ba11b90",
          "version": null
        }
      }
    ]
  },
  "version": 1
}
