{
  "pins" : [
    {
      "identity" : "apikit",
      "kind" : "remoteSourceControl",
      "location" : "https://github.com/ishkawa/APIKit",
      "state" : {
        "revision" : "4e7f42d93afb787b0bc502171f9b5c12cf49d0ca",
        "version" : "5.3.0"
      }
    },
    {
      "identity" : "esgists",
      "kind" : "remoteSourceControl",
      "location" : "git@github.com:es-kumagai/ESGists.git",
      "state" : {
        "branch" : "master",
        "revision" : "e678fa4e98ecf88fb36ec8a8464d5b20d75453a6"
      }
    },
    {
      "identity" : "keychainaccess",
      "kind" : "remoteSourceControl",
      "location" : "https://github.com/kishikawakatsumi/KeychainAccess.git",
      "state" : {
        "revision" : "84e546727d66f1adc5439debad16270d0fdd04e7",
        "version" : "4.2.2"
      }
    },
    {
      "identity" : "oauth2",
      "kind" : "remoteSourceControl",
      "location" : "https://github.com/p2/OAuth2",
      "state" : {
        "revision" : "30f46ad74bcbe7013fb340e54f41bc9e6d2ce994",
        "version" : "5.3.2"
      }
    },
    {
      "identity" : "ocean",
      "kind" : "remoteSourceControl",
      "location" : "git@github.com:es-kumagai/Ocean.git",
      "state" : {
        "branch" : "master",
        "revision" : "a2935f5a9522e1b72a0aa82f556a5a90e2e38beb"
      }
    },
    {
      "identity" : "reachability.swift",
      "kind" : "remoteSourceControl",
      "location" : "https://github.com/ashleymills/Reachability.swift.git",
      "state" : {
        "revision" : "c01bbdf2d633cf049ae1ed1a68a2020a8bda32e2",
        "version" : "5.1.0"
      }
    },
    {
      "identity" : "sky",
      "kind" : "remoteSourceControl",
      "location" : "https://github.com/es-kumagai/Sky.git",
      "state" : {
        "branch" : "master",
        "revision" : "2d7696d1701cf832acc81d020edb1c2711f9e44a"
      }
    },
    {
      "identity" : "swifter",
      "kind" : "remoteSourceControl",
      "location" : "git@github.com:es-kumagai/Swifter.git",
      "state" : {
        "revision" : "50682ebe64e4c08f18957ccfd16888f035c20755",
        "version" : "2.5.0"
      }
    },
    {
      "identity" : "swim",
      "kind" : "remoteSourceControl",
      "location" : "git@github.com:es-kumagai/Swim.git",
      "state" : {
        "branch" : "master",
        "revision" : "08b83bc5765aeffa86f00b868c0af487428dc6b3"
      }
    }
  ],
  "version" : 2
}
