// !$*UTF8*$!
{
	archiveVersion = 1;
	classes = {
	};
	objectVersion = 46;
	objects = {

/* Begin PBXBuildFile section */
		B12460CB1B5F85560036A690 /* Pods_CodePiece.framework in Embed Frameworks */ = {isa = PBXBuildFile; fileRef = 2CBD1AB5CE1A4BFA8577705B /* Pods_CodePiece.framework */; settings = {ATTRIBUTES = (CodeSignOnCopy, RemoveHeadersOnCopy, ); }; };
		B12460D01B5F865F0036A690 /* APIKit.framework in Frameworks */ = {isa = PBXBuildFile; fileRef = B12460CF1B5F865F0036A690 /* APIKit.framework */; };
		B12460D11B5F865F0036A690 /* APIKit.framework in Embed Frameworks */ = {isa = PBXBuildFile; fileRef = B12460CF1B5F865F0036A690 /* APIKit.framework */; settings = {ATTRIBUTES = (CodeSignOnCopy, RemoveHeadersOnCopy, ); }; };
		B12460D31B5F865F0036A690 /* Himotoki.framework in Frameworks */ = {isa = PBXBuildFile; fileRef = B12460D21B5F865F0036A690 /* Himotoki.framework */; };
		B12460D41B5F865F0036A690 /* Himotoki.framework in Embed Frameworks */ = {isa = PBXBuildFile; fileRef = B12460D21B5F865F0036A690 /* Himotoki.framework */; settings = {ATTRIBUTES = (CodeSignOnCopy, RemoveHeadersOnCopy, ); }; };
		B12460D61B5F865F0036A690 /* KeychainAccess.framework in Frameworks */ = {isa = PBXBuildFile; fileRef = B12460D51B5F865F0036A690 /* KeychainAccess.framework */; };
		B12460D71B5F865F0036A690 /* KeychainAccess.framework in Embed Frameworks */ = {isa = PBXBuildFile; fileRef = B12460D51B5F865F0036A690 /* KeychainAccess.framework */; settings = {ATTRIBUTES = (CodeSignOnCopy, RemoveHeadersOnCopy, ); }; };
		B12460D91B5F865F0036A690 /* Ocean.framework in Frameworks */ = {isa = PBXBuildFile; fileRef = B12460D81B5F865F0036A690 /* Ocean.framework */; };
		B12460DA1B5F865F0036A690 /* Ocean.framework in Embed Frameworks */ = {isa = PBXBuildFile; fileRef = B12460D81B5F865F0036A690 /* Ocean.framework */; settings = {ATTRIBUTES = (CodeSignOnCopy, RemoveHeadersOnCopy, ); }; };
		B12460DC1B5F865F0036A690 /* Pods.framework in Embed Frameworks */ = {isa = PBXBuildFile; fileRef = B12460CC1B5F85EC0036A690 /* Pods.framework */; settings = {ATTRIBUTES = (CodeSignOnCopy, RemoveHeadersOnCopy, ); }; };
		B12460E01B5F865F0036A690 /* Result.framework in Frameworks */ = {isa = PBXBuildFile; fileRef = B12460DF1B5F865F0036A690 /* Result.framework */; };
		B12460E11B5F865F0036A690 /* Result.framework in Embed Frameworks */ = {isa = PBXBuildFile; fileRef = B12460DF1B5F865F0036A690 /* Result.framework */; settings = {ATTRIBUTES = (CodeSignOnCopy, RemoveHeadersOnCopy, ); }; };
		B12460E31B5F865F0036A690 /* STTwitter.framework in Frameworks */ = {isa = PBXBuildFile; fileRef = B12460E21B5F865F0036A690 /* STTwitter.framework */; };
		B12460E41B5F865F0036A690 /* STTwitter.framework in Embed Frameworks */ = {isa = PBXBuildFile; fileRef = B12460E21B5F865F0036A690 /* STTwitter.framework */; settings = {ATTRIBUTES = (CodeSignOnCopy, RemoveHeadersOnCopy, ); }; };
		B12460E61B5F865F0036A690 /* Swim.framework in Frameworks */ = {isa = PBXBuildFile; fileRef = B12460E51B5F865F0036A690 /* Swim.framework */; };
		B12460E71B5F865F0036A690 /* Swim.framework in Embed Frameworks */ = {isa = PBXBuildFile; fileRef = B12460E51B5F865F0036A690 /* Swim.framework */; settings = {ATTRIBUTES = (CodeSignOnCopy, RemoveHeadersOnCopy, ); }; };
		B12460E91B5FA0090036A690 /* TwitterPreferenceViewController.swift in Sources */ = {isa = PBXBuildFile; fileRef = B12460E81B5FA0090036A690 /* TwitterPreferenceViewController.swift */; };
		B12460EB1B5FA0210036A690 /* TwitterPreferenceView.storyboard in Resources */ = {isa = PBXBuildFile; fileRef = B12460EA1B5FA0210036A690 /* TwitterPreferenceView.storyboard */; };
		B128CB5B1B6777DD00859D81 /* HashtagTextField.swift in Sources */ = {isa = PBXBuildFile; fileRef = B128CB5A1B6777DD00859D81 /* HashtagTextField.swift */; };
		B128CB5D1B67853C00859D81 /* Twitter.swift in Sources */ = {isa = PBXBuildFile; fileRef = B128CB5C1B67853C00859D81 /* Twitter.swift */; };
		B137468D1B6506000068414B /* Fonts.swift in Sources */ = {isa = PBXBuildFile; fileRef = B137468C1B6506000068414B /* Fonts.swift */; };
		B13746921B6511E80068414B /* SourceCodePro-Regular.otf in Copy Font Resources */ = {isa = PBXBuildFile; fileRef = B1D2D6B31B5E620300794EFD /* SourceCodePro-Regular.otf */; };
		B13746941B6512360068414B /* FontTests.swift in Sources */ = {isa = PBXBuildFile; fileRef = B13746931B6512360068414B /* FontTests.swift */; };
		B1492FB61B5BCED80043ED8D /* AppDelegate.swift in Sources */ = {isa = PBXBuildFile; fileRef = B1492FB51B5BCED80043ED8D /* AppDelegate.swift */; };
		B1492FB81B5BCED80043ED8D /* ViewController.swift in Sources */ = {isa = PBXBuildFile; fileRef = B1492FB71B5BCED80043ED8D /* ViewController.swift */; };
		B1492FBA1B5BCED80043ED8D /* Assets.xcassets in Resources */ = {isa = PBXBuildFile; fileRef = B1492FB91B5BCED80043ED8D /* Assets.xcassets */; };
		B1492FBD1B5BCED80043ED8D /* Main.storyboard in Resources */ = {isa = PBXBuildFile; fileRef = B1492FBB1B5BCED80043ED8D /* Main.storyboard */; };
		B1492FC81B5BCED80043ED8D /* CodePieceTests.swift in Sources */ = {isa = PBXBuildFile; fileRef = B1492FC71B5BCED80043ED8D /* CodePieceTests.swift */; };
		B1492FD31B5BCED80043ED8D /* CodePieceUITests.swift in Sources */ = {isa = PBXBuildFile; fileRef = B1492FD21B5BCED80043ED8D /* CodePieceUITests.swift */; };
		B1492FE41B5BD26B0043ED8D /* ProjectSetting.swift in Sources */ = {isa = PBXBuildFile; fileRef = B1492FE31B5BD26B0043ED8D /* ProjectSetting.swift */; };
		B1492FE61B5BD2A10043ED8D /* AccountSeting.swift in Sources */ = {isa = PBXBuildFile; fileRef = B1492FE51B5BD2A10043ED8D /* AccountSeting.swift */; };
		B17C88C11B66BF0B00CBF20F /* README.md in Copy Documents */ = {isa = PBXBuildFile; fileRef = B17C88BD1B66BE6800CBF20F /* README.md */; };
		B17C88C21B66BF0B00CBF20F /* CHANGELOG.md in Copy Documents */ = {isa = PBXBuildFile; fileRef = B17C88BF1B66BEDB00CBF20F /* CHANGELOG.md */; };
		B17C88C61B66FE7F00CBF20F /* ss in Copy Documents */ = {isa = PBXBuildFile; fileRef = B17C88BE1B66BE6800CBF20F /* ss */; };
		B17DAF5E1B6529A0004CE4D2 /* WebCaptureController.swift in Sources */ = {isa = PBXBuildFile; fileRef = B17DAF5D1B6529A0004CE4D2 /* WebCaptureController.swift */; };
		B1BB59F21B5E714800DE3942 /* DescriptionGenerator.swift in Sources */ = {isa = PBXBuildFile; fileRef = B1BB59F01B5E714800DE3942 /* DescriptionGenerator.swift */; };
		B1BB59F31B5E714800DE3942 /* GistsController.swift in Sources */ = {isa = PBXBuildFile; fileRef = B1BB59F11B5E714800DE3942 /* GistsController.swift */; };
		B1BB59F51B5E715B00DE3942 /* TwitterController.swift in Sources */ = {isa = PBXBuildFile; fileRef = B1BB59F41B5E715B00DE3942 /* TwitterController.swift */; };
		B1BB59F71B5E718900DE3942 /* SNSController.swift in Sources */ = {isa = PBXBuildFile; fileRef = B1BB59F61B5E718900DE3942 /* SNSController.swift */; };
		B1D2D66B1B5D44A800794EFD /* Authorization.swift in Sources */ = {isa = PBXBuildFile; fileRef = B1D2D66A1B5D44A800794EFD /* Authorization.swift */; };
		B1D2D6721B5D490800794EFD /* Settings.swift in Sources */ = {isa = PBXBuildFile; fileRef = B1D2D6711B5D490800794EFD /* Settings.swift */; };
		B1D2D6761B5D525C00794EFD /* MenuController.swift in Sources */ = {isa = PBXBuildFile; fileRef = B1D2D6751B5D525C00794EFD /* MenuController.swift */; };
		B1D2D67F1B5D566000794EFD /* Storyboard.swift in Sources */ = {isa = PBXBuildFile; fileRef = B1D2D67E1B5D566000794EFD /* Storyboard.swift */; };
		B1D2D6831B5D5ED400794EFD /* PreferencesWindow.storyboard in Resources */ = {isa = PBXBuildFile; fileRef = B1D2D6811B5D5ED400794EFD /* PreferencesWindow.storyboard */; };
		B1D2D6841B5D5ED400794EFD /* PreferencesWindowController.swift in Sources */ = {isa = PBXBuildFile; fileRef = B1D2D6821B5D5ED400794EFD /* PreferencesWindowController.swift */; };
		B1D2D6861B5D5F4000794EFD /* GitHubPreferenceView.storyboard in Resources */ = {isa = PBXBuildFile; fileRef = B1D2D6851B5D5F4000794EFD /* GitHubPreferenceView.storyboard */; };
		B1D2D68B1B5D5FCD00794EFD /* GitHubPreferenceViewController.swift in Sources */ = {isa = PBXBuildFile; fileRef = B1D2D6891B5D5FCD00794EFD /* GitHubPreferenceViewController.swift */; };
		B1D2D6971B5DACE100794EFD /* GitHubPreferenceAuthenticationViewController.swift in Sources */ = {isa = PBXBuildFile; fileRef = B1D2D6961B5DACE100794EFD /* GitHubPreferenceAuthenticationViewController.swift */; };
		B1D2D6991B5DEA2600794EFD /* DataStore.swift in Sources */ = {isa = PBXBuildFile; fileRef = B1D2D6981B5DEA2600794EFD /* DataStore.swift */; };
		B1D2D69C1B5DFF7400794EFD /* Colors.swift in Sources */ = {isa = PBXBuildFile; fileRef = B1D2D69B1B5DFF7400794EFD /* Colors.swift */; };
		B1D2D69F1B5E0A1D00794EFD /* CodePieceClientInfo.swift in Sources */ = {isa = PBXBuildFile; fileRef = B1D2D69E1B5E0A1D00794EFD /* CodePieceClientInfo.swift */; };
		B1D2D6A21B5E19D100794EFD /* Alert.swift in Sources */ = {isa = PBXBuildFile; fileRef = B1D2D6A11B5E19D100794EFD /* Alert.swift */; };
		B1D2D6A41B5E1D5400794EFD /* Extension.swift in Sources */ = {isa = PBXBuildFile; fileRef = B1D2D6A31B5E1D5400794EFD /* Extension.swift */; };
		B1D2D6A61B5E2B2800794EFD /* Notifications.swift in Sources */ = {isa = PBXBuildFile; fileRef = B1D2D6A51B5E2B2800794EFD /* Notifications.swift */; };
		B1D2D6A81B5E3CB300794EFD /* ESGist.framework in Frameworks */ = {isa = PBXBuildFile; fileRef = B1D2D6A71B5E3CB300794EFD /* ESGist.framework */; };
		B1D2D6A91B5E3CB300794EFD /* ESGist.framework in Embed Frameworks */ = {isa = PBXBuildFile; fileRef = B1D2D6A71B5E3CB300794EFD /* ESGist.framework */; settings = {ATTRIBUTES = (CodeSignOnCopy, RemoveHeadersOnCopy, ); }; };
		B1D3C10E1B620D1700CD8CD8 /* BaseWindowController.swift in Sources */ = {isa = PBXBuildFile; fileRef = B1D3C10D1B620D1700CD8CD8 /* BaseWindowController.swift */; };
		E660EEBAC0D916E7C64F496D /* Pods_CodePiece.framework in Frameworks */ = {isa = PBXBuildFile; fileRef = 2CBD1AB5CE1A4BFA8577705B /* Pods_CodePiece.framework */; settings = {ATTRIBUTES = (Weak, ); }; };
/* End PBXBuildFile section */

/* Begin PBXContainerItemProxy section */
		B1492FC41B5BCED80043ED8D /* PBXContainerItemProxy */ = {
			isa = PBXContainerItemProxy;
			containerPortal = B1492FAA1B5BCED80043ED8D /* Project object */;
			proxyType = 1;
			remoteGlobalIDString = B1492FB11B5BCED80043ED8D;
			remoteInfo = CodePiece;
		};
		B1492FCF1B5BCED80043ED8D /* PBXContainerItemProxy */ = {
			isa = PBXContainerItemProxy;
			containerPortal = B1492FAA1B5BCED80043ED8D /* Project object */;
			proxyType = 1;
			remoteGlobalIDString = B1492FB11B5BCED80043ED8D;
			remoteInfo = CodePiece;
		};
/* End PBXContainerItemProxy section */

/* Begin PBXCopyFilesBuildPhase section */
		B13746911B6511CF0068414B /* Copy Font Resources */ = {
			isa = PBXCopyFilesBuildPhase;
			buildActionMask = 2147483647;
			dstPath = Fonts;
			dstSubfolderSpec = 7;
			files = (
				B13746921B6511E80068414B /* SourceCodePro-Regular.otf in Copy Font Resources */,
			);
			name = "Copy Font Resources";
			runOnlyForDeploymentPostprocessing = 0;
		};
		B17C88C01B66BEF300CBF20F /* Copy Documents */ = {
			isa = PBXCopyFilesBuildPhase;
			buildActionMask = 2147483647;
			dstPath = "";
			dstSubfolderSpec = 16;
			files = (
				B17C88C61B66FE7F00CBF20F /* ss in Copy Documents */,
				B17C88C11B66BF0B00CBF20F /* README.md in Copy Documents */,
				B17C88C21B66BF0B00CBF20F /* CHANGELOG.md in Copy Documents */,
			);
			name = "Copy Documents";
			runOnlyForDeploymentPostprocessing = 0;
		};
		B1D2D6AA1B5E3CB400794EFD /* Embed Frameworks */ = {
			isa = PBXCopyFilesBuildPhase;
			buildActionMask = 2147483647;
			dstPath = "";
			dstSubfolderSpec = 10;
			files = (
				B12460DC1B5F865F0036A690 /* Pods.framework in Embed Frameworks */,
				B12460D71B5F865F0036A690 /* KeychainAccess.framework in Embed Frameworks */,
				B12460DA1B5F865F0036A690 /* Ocean.framework in Embed Frameworks */,
				B12460CB1B5F85560036A690 /* Pods_CodePiece.framework in Embed Frameworks */,
				B12460D41B5F865F0036A690 /* Himotoki.framework in Embed Frameworks */,
				B12460E41B5F865F0036A690 /* STTwitter.framework in Embed Frameworks */,
				B12460D11B5F865F0036A690 /* APIKit.framework in Embed Frameworks */,
				B12460E11B5F865F0036A690 /* Result.framework in Embed Frameworks */,
				B12460E71B5F865F0036A690 /* Swim.framework in Embed Frameworks */,
				B1D2D6A91B5E3CB300794EFD /* ESGist.framework in Embed Frameworks */,
			);
			name = "Embed Frameworks";
			runOnlyForDeploymentPostprocessing = 0;
		};
/* End PBXCopyFilesBuildPhase section */

/* Begin PBXFileReference section */
		2CBD1AB5CE1A4BFA8577705B /* Pods_CodePiece.framework */ = {isa = PBXFileReference; explicitFileType = wrapper.framework; includeInIndex = 0; path = Pods_CodePiece.framework; sourceTree = BUILT_PRODUCTS_DIR; };
		7325907F2375CBF16B47D026 /* Pods-CodePiece.release.xcconfig */ = {isa = PBXFileReference; includeInIndex = 1; lastKnownFileType = text.xcconfig; name = "Pods-CodePiece.release.xcconfig"; path = "Pods/Target Support Files/Pods-CodePiece/Pods-CodePiece.release.xcconfig"; sourceTree = "<group>"; };
		B12460CC1B5F85EC0036A690 /* Pods.framework */ = {isa = PBXFileReference; explicitFileType = wrapper.framework; path = Pods.framework; sourceTree = BUILT_PRODUCTS_DIR; };
		B12460CF1B5F865F0036A690 /* APIKit.framework */ = {isa = PBXFileReference; explicitFileType = wrapper.framework; path = APIKit.framework; sourceTree = BUILT_PRODUCTS_DIR; };
		B12460D21B5F865F0036A690 /* Himotoki.framework */ = {isa = PBXFileReference; explicitFileType = wrapper.framework; path = Himotoki.framework; sourceTree = BUILT_PRODUCTS_DIR; };
		B12460D51B5F865F0036A690 /* KeychainAccess.framework */ = {isa = PBXFileReference; explicitFileType = wrapper.framework; path = KeychainAccess.framework; sourceTree = BUILT_PRODUCTS_DIR; };
		B12460D81B5F865F0036A690 /* Ocean.framework */ = {isa = PBXFileReference; explicitFileType = wrapper.framework; path = Ocean.framework; sourceTree = BUILT_PRODUCTS_DIR; };
		B12460DF1B5F865F0036A690 /* Result.framework */ = {isa = PBXFileReference; explicitFileType = wrapper.framework; path = Result.framework; sourceTree = BUILT_PRODUCTS_DIR; };
		B12460E21B5F865F0036A690 /* STTwitter.framework */ = {isa = PBXFileReference; explicitFileType = wrapper.framework; path = STTwitter.framework; sourceTree = BUILT_PRODUCTS_DIR; };
		B12460E51B5F865F0036A690 /* Swim.framework */ = {isa = PBXFileReference; explicitFileType = wrapper.framework; path = Swim.framework; sourceTree = BUILT_PRODUCTS_DIR; };
		B12460E81B5FA0090036A690 /* TwitterPreferenceViewController.swift */ = {isa = PBXFileReference; fileEncoding = 4; lastKnownFileType = sourcecode.swift; path = TwitterPreferenceViewController.swift; sourceTree = "<group>"; };
		B12460EA1B5FA0210036A690 /* TwitterPreferenceView.storyboard */ = {isa = PBXFileReference; fileEncoding = 4; lastKnownFileType = file.storyboard; path = TwitterPreferenceView.storyboard; sourceTree = "<group>"; };
		B128CB5A1B6777DD00859D81 /* HashtagTextField.swift */ = {isa = PBXFileReference; fileEncoding = 4; lastKnownFileType = sourcecode.swift; path = HashtagTextField.swift; sourceTree = "<group>"; };
		B128CB5C1B67853C00859D81 /* Twitter.swift */ = {isa = PBXFileReference; fileEncoding = 4; lastKnownFileType = sourcecode.swift; path = Twitter.swift; sourceTree = "<group>"; };
		B137468C1B6506000068414B /* Fonts.swift */ = {isa = PBXFileReference; fileEncoding = 4; lastKnownFileType = sourcecode.swift; path = Fonts.swift; sourceTree = "<group>"; };
		B13746931B6512360068414B /* FontTests.swift */ = {isa = PBXFileReference; fileEncoding = 4; lastKnownFileType = sourcecode.swift; path = FontTests.swift; sourceTree = "<group>"; };
		B1492FB21B5BCED80043ED8D /* CodePiece.app */ = {isa = PBXFileReference; explicitFileType = wrapper.application; includeInIndex = 0; path = CodePiece.app; sourceTree = BUILT_PRODUCTS_DIR; };
		B1492FB51B5BCED80043ED8D /* AppDelegate.swift */ = {isa = PBXFileReference; lastKnownFileType = sourcecode.swift; path = AppDelegate.swift; sourceTree = "<group>"; };
		B1492FB71B5BCED80043ED8D /* ViewController.swift */ = {isa = PBXFileReference; lastKnownFileType = sourcecode.swift; path = ViewController.swift; sourceTree = "<group>"; };
		B1492FB91B5BCED80043ED8D /* Assets.xcassets */ = {isa = PBXFileReference; lastKnownFileType = folder.assetcatalog; path = Assets.xcassets; sourceTree = "<group>"; };
		B1492FBC1B5BCED80043ED8D /* Base */ = {isa = PBXFileReference; lastKnownFileType = file.storyboard; name = Base; path = Base.lproj/Main.storyboard; sourceTree = "<group>"; };
		B1492FBE1B5BCED80043ED8D /* Info.plist */ = {isa = PBXFileReference; lastKnownFileType = text.plist.xml; path = Info.plist; sourceTree = "<group>"; };
		B1492FC31B5BCED80043ED8D /* CodePieceTests.xctest */ = {isa = PBXFileReference; explicitFileType = wrapper.cfbundle; includeInIndex = 0; path = CodePieceTests.xctest; sourceTree = BUILT_PRODUCTS_DIR; };
		B1492FC71B5BCED80043ED8D /* CodePieceTests.swift */ = {isa = PBXFileReference; lastKnownFileType = sourcecode.swift; path = CodePieceTests.swift; sourceTree = "<group>"; };
		B1492FC91B5BCED80043ED8D /* Info.plist */ = {isa = PBXFileReference; lastKnownFileType = text.plist.xml; path = Info.plist; sourceTree = "<group>"; };
		B1492FCE1B5BCED80043ED8D /* CodePieceUITests.xctest */ = {isa = PBXFileReference; explicitFileType = wrapper.cfbundle; includeInIndex = 0; path = CodePieceUITests.xctest; sourceTree = BUILT_PRODUCTS_DIR; };
		B1492FD21B5BCED80043ED8D /* CodePieceUITests.swift */ = {isa = PBXFileReference; lastKnownFileType = sourcecode.swift; path = CodePieceUITests.swift; sourceTree = "<group>"; };
		B1492FD41B5BCED80043ED8D /* Info.plist */ = {isa = PBXFileReference; lastKnownFileType = text.plist.xml; path = Info.plist; sourceTree = "<group>"; };
		B1492FE01B5BCF1E0043ED8D /* Podfile */ = {isa = PBXFileReference; lastKnownFileType = text; path = Podfile; sourceTree = "<group>"; xcLanguageSpecificationIdentifier = xcode.lang.ruby; };
		B1492FE31B5BD26B0043ED8D /* ProjectSetting.swift */ = {isa = PBXFileReference; fileEncoding = 4; lastKnownFileType = sourcecode.swift; path = ProjectSetting.swift; sourceTree = "<group>"; };
		B1492FE51B5BD2A10043ED8D /* AccountSeting.swift */ = {isa = PBXFileReference; fileEncoding = 4; lastKnownFileType = sourcecode.swift; path = AccountSeting.swift; sourceTree = "<group>"; };
		B17C88BD1B66BE6800CBF20F /* README.md */ = {isa = PBXFileReference; lastKnownFileType = net.daringfireball.markdown; path = README.md; sourceTree = "<group>"; };
		B17C88BE1B66BE6800CBF20F /* ss */ = {isa = PBXFileReference; lastKnownFileType = folder; path = ss; sourceTree = "<group>"; };
		B17C88BF1B66BEDB00CBF20F /* CHANGELOG.md */ = {isa = PBXFileReference; lastKnownFileType = net.daringfireball.markdown; path = CHANGELOG.md; sourceTree = "<group>"; };
		B17C88C51B66E68D00CBF20F /* ArchiveZip.sh */ = {isa = PBXFileReference; lastKnownFileType = text.script.sh; path = ArchiveZip.sh; sourceTree = "<group>"; };
		B17DAF5D1B6529A0004CE4D2 /* WebCaptureController.swift */ = {isa = PBXFileReference; fileEncoding = 4; lastKnownFileType = sourcecode.swift; path = WebCaptureController.swift; sourceTree = "<group>"; };
		B1BB59F01B5E714800DE3942 /* DescriptionGenerator.swift */ = {isa = PBXFileReference; fileEncoding = 4; lastKnownFileType = sourcecode.swift; path = DescriptionGenerator.swift; sourceTree = "<group>"; };
		B1BB59F11B5E714800DE3942 /* GistsController.swift */ = {isa = PBXFileReference; fileEncoding = 4; lastKnownFileType = sourcecode.swift; path = GistsController.swift; sourceTree = "<group>"; };
		B1BB59F41B5E715B00DE3942 /* TwitterController.swift */ = {isa = PBXFileReference; fileEncoding = 4; lastKnownFileType = sourcecode.swift; path = TwitterController.swift; sourceTree = "<group>"; };
		B1BB59F61B5E718900DE3942 /* SNSController.swift */ = {isa = PBXFileReference; fileEncoding = 4; lastKnownFileType = sourcecode.swift; path = SNSController.swift; sourceTree = "<group>"; };
		B1BB59F81B5E87D400DE3942 /* Social.framework */ = {isa = PBXFileReference; lastKnownFileType = wrapper.framework; name = Social.framework; path = System/Library/Frameworks/Social.framework; sourceTree = SDKROOT; };
		B1D2D66A1B5D44A800794EFD /* Authorization.swift */ = {isa = PBXFileReference; fileEncoding = 4; lastKnownFileType = sourcecode.swift; path = Authorization.swift; sourceTree = "<group>"; };
		B1D2D6711B5D490800794EFD /* Settings.swift */ = {isa = PBXFileReference; fileEncoding = 4; lastKnownFileType = sourcecode.swift; path = Settings.swift; sourceTree = "<group>"; };
		B1D2D6751B5D525C00794EFD /* MenuController.swift */ = {isa = PBXFileReference; fileEncoding = 4; lastKnownFileType = sourcecode.swift; path = MenuController.swift; sourceTree = "<group>"; };
		B1D2D67E1B5D566000794EFD /* Storyboard.swift */ = {isa = PBXFileReference; fileEncoding = 4; lastKnownFileType = sourcecode.swift; path = Storyboard.swift; sourceTree = "<group>"; };
		B1D2D6811B5D5ED400794EFD /* PreferencesWindow.storyboard */ = {isa = PBXFileReference; fileEncoding = 4; lastKnownFileType = file.storyboard; path = PreferencesWindow.storyboard; sourceTree = "<group>"; };
		B1D2D6821B5D5ED400794EFD /* PreferencesWindowController.swift */ = {isa = PBXFileReference; fileEncoding = 4; lastKnownFileType = sourcecode.swift; path = PreferencesWindowController.swift; sourceTree = "<group>"; };
		B1D2D6851B5D5F4000794EFD /* GitHubPreferenceView.storyboard */ = {isa = PBXFileReference; fileEncoding = 4; lastKnownFileType = file.storyboard; path = GitHubPreferenceView.storyboard; sourceTree = "<group>"; };
		B1D2D6891B5D5FCD00794EFD /* GitHubPreferenceViewController.swift */ = {isa = PBXFileReference; fileEncoding = 4; lastKnownFileType = sourcecode.swift; path = GitHubPreferenceViewController.swift; sourceTree = "<group>"; };
		B1D2D6961B5DACE100794EFD /* GitHubPreferenceAuthenticationViewController.swift */ = {isa = PBXFileReference; fileEncoding = 4; lastKnownFileType = sourcecode.swift; path = GitHubPreferenceAuthenticationViewController.swift; sourceTree = "<group>"; };
		B1D2D6981B5DEA2600794EFD /* DataStore.swift */ = {isa = PBXFileReference; fileEncoding = 4; lastKnownFileType = sourcecode.swift; path = DataStore.swift; sourceTree = "<group>"; };
		B1D2D69B1B5DFF7400794EFD /* Colors.swift */ = {isa = PBXFileReference; fileEncoding = 4; lastKnownFileType = sourcecode.swift; path = Colors.swift; sourceTree = "<group>"; };
		B1D2D69E1B5E0A1D00794EFD /* CodePieceClientInfo.swift */ = {isa = PBXFileReference; fileEncoding = 4; lastKnownFileType = sourcecode.swift; path = CodePieceClientInfo.swift; sourceTree = "<group>"; };
		B1D2D6A11B5E19D100794EFD /* Alert.swift */ = {isa = PBXFileReference; fileEncoding = 4; lastKnownFileType = sourcecode.swift; path = Alert.swift; sourceTree = "<group>"; };
		B1D2D6A31B5E1D5400794EFD /* Extension.swift */ = {isa = PBXFileReference; fileEncoding = 4; lastKnownFileType = sourcecode.swift; path = Extension.swift; sourceTree = "<group>"; };
		B1D2D6A51B5E2B2800794EFD /* Notifications.swift */ = {isa = PBXFileReference; fileEncoding = 4; lastKnownFileType = sourcecode.swift; path = Notifications.swift; sourceTree = "<group>"; };
		B1D2D6A71B5E3CB300794EFD /* ESGist.framework */ = {isa = PBXFileReference; explicitFileType = wrapper.framework; path = ESGist.framework; sourceTree = BUILT_PRODUCTS_DIR; };
		B1D2D6AD1B5E4E1600794EFD /* CodePiece.entitlements */ = {isa = PBXFileReference; lastKnownFileType = text.xml; path = CodePiece.entitlements; sourceTree = "<group>"; };
		B1D2D6B31B5E620300794EFD /* SourceCodePro-Regular.otf */ = {isa = PBXFileReference; lastKnownFileType = file; path = "SourceCodePro-Regular.otf"; sourceTree = "<group>"; };
		B1D3C10D1B620D1700CD8CD8 /* BaseWindowController.swift */ = {isa = PBXFileReference; fileEncoding = 4; lastKnownFileType = sourcecode.swift; path = BaseWindowController.swift; sourceTree = "<group>"; };
		D6B457359224F9E2FA023078 /* Pods-CodePiece.debug.xcconfig */ = {isa = PBXFileReference; includeInIndex = 1; lastKnownFileType = text.xcconfig; name = "Pods-CodePiece.debug.xcconfig"; path = "Pods/Target Support Files/Pods-CodePiece/Pods-CodePiece.debug.xcconfig"; sourceTree = "<group>"; };
/* End PBXFileReference section */

/* Begin PBXFrameworksBuildPhase section */
		B1492FAF1B5BCED80043ED8D /* Frameworks */ = {
			isa = PBXFrameworksBuildPhase;
			buildActionMask = 2147483647;
			files = (
				B12460D61B5F865F0036A690 /* KeychainAccess.framework in Frameworks */,
				B12460D91B5F865F0036A690 /* Ocean.framework in Frameworks */,
				B12460D31B5F865F0036A690 /* Himotoki.framework in Frameworks */,
				B12460E31B5F865F0036A690 /* STTwitter.framework in Frameworks */,
				B12460D01B5F865F0036A690 /* APIKit.framework in Frameworks */,
				B12460E01B5F865F0036A690 /* Result.framework in Frameworks */,
				B12460E61B5F865F0036A690 /* Swim.framework in Frameworks */,
				B1D2D6A81B5E3CB300794EFD /* ESGist.framework in Frameworks */,
				E660EEBAC0D916E7C64F496D /* Pods_CodePiece.framework in Frameworks */,
			);
			runOnlyForDeploymentPostprocessing = 0;
		};
		B1492FC01B5BCED80043ED8D /* Frameworks */ = {
			isa = PBXFrameworksBuildPhase;
			buildActionMask = 2147483647;
			files = (
			);
			runOnlyForDeploymentPostprocessing = 0;
		};
		B1492FCB1B5BCED80043ED8D /* Frameworks */ = {
			isa = PBXFrameworksBuildPhase;
			buildActionMask = 2147483647;
			files = (
			);
			runOnlyForDeploymentPostprocessing = 0;
		};
/* End PBXFrameworksBuildPhase section */

/* Begin PBXGroup section */
		84FCAD57E3AF93B4392E1F74 /* Frameworks */ = {
			isa = PBXGroup;
			children = (
				B12460E51B5F865F0036A690 /* Swim.framework */,
				B12460E21B5F865F0036A690 /* STTwitter.framework */,
				B12460DF1B5F865F0036A690 /* Result.framework */,
				B12460D81B5F865F0036A690 /* Ocean.framework */,
				B12460D51B5F865F0036A690 /* KeychainAccess.framework */,
				B12460D21B5F865F0036A690 /* Himotoki.framework */,
				B12460CF1B5F865F0036A690 /* APIKit.framework */,
				B12460CC1B5F85EC0036A690 /* Pods.framework */,
				B1BB59F81B5E87D400DE3942 /* Social.framework */,
				B1D2D6A71B5E3CB300794EFD /* ESGist.framework */,
				2CBD1AB5CE1A4BFA8577705B /* Pods_CodePiece.framework */,
			);
			name = Frameworks;
			sourceTree = "<group>";
		};
		B128CB591B6777A600859D81 /* Controls */ = {
			isa = PBXGroup;
			children = (
				B128CB5A1B6777DD00859D81 /* HashtagTextField.swift */,
			);
			name = Controls;
			path = ../Controls;
			sourceTree = "<group>";
		};
		B1492FA91B5BCED80043ED8D = {
			isa = PBXGroup;
			children = (
				B1492FE01B5BCF1E0043ED8D /* Podfile */,
				B17C88BD1B66BE6800CBF20F /* README.md */,
				B17C88BF1B66BEDB00CBF20F /* CHANGELOG.md */,
				B17C88BE1B66BE6800CBF20F /* ss */,
				B1D2D6B11B5E619E00794EFD /* Resources */,
				B1D2D69D1B5E09CF00794EFD /* Private */,
				B1492FB41B5BCED80043ED8D /* CodePiece */,
				B1492FC61B5BCED80043ED8D /* CodePieceTests */,
				B1492FD11B5BCED80043ED8D /* CodePieceUITests */,
				B1492FB31B5BCED80043ED8D /* Products */,
				D44070DA70174B40A6FB9883 /* Pods */,
				84FCAD57E3AF93B4392E1F74 /* Frameworks */,
			);
			sourceTree = "<group>";
		};
		B1492FB31B5BCED80043ED8D /* Products */ = {
			isa = PBXGroup;
			children = (
				B1492FB21B5BCED80043ED8D /* CodePiece.app */,
				B1492FC31B5BCED80043ED8D /* CodePieceTests.xctest */,
				B1492FCE1B5BCED80043ED8D /* CodePieceUITests.xctest */,
			);
			name = Products;
			sourceTree = "<group>";
		};
		B1492FB41B5BCED80043ED8D /* CodePiece */ = {
			isa = PBXGroup;
			children = (
				B1D2D6A31B5E1D5400794EFD /* Extension.swift */,
				B17DAF5C1B652959004CE4D2 /* Codes */,
				B1D2D6AD1B5E4E1600794EFD /* CodePiece.entitlements */,
				B1D2D6A01B5E19B900794EFD /* Alerts */,
				B1D2D69A1B5DFF5200794EFD /* Constants */,
				B1D2D6801B5D5EA000794EFD /* Preferences */,
				B1D2D67D1B5D564100794EFD /* References */,
				B1BB59EF1B5E714800DE3942 /* SNS */,
				B1492FE71B5BDA4B0043ED8D /* Menu */,
				B128CB591B6777A600859D81 /* Controls */,
				B1492FE21B5BD2510043ED8D /* Settings */,
				B1492FB51B5BCED80043ED8D /* AppDelegate.swift */,
				B1492FB71B5BCED80043ED8D /* ViewController.swift */,
				B1D3C10D1B620D1700CD8CD8 /* BaseWindowController.swift */,
				B1492FB91B5BCED80043ED8D /* Assets.xcassets */,
				B1492FBB1B5BCED80043ED8D /* Main.storyboard */,
				B1492FBE1B5BCED80043ED8D /* Info.plist */,
			);
			path = CodePiece;
			sourceTree = "<group>";
		};
		B1492FC61B5BCED80043ED8D /* CodePieceTests */ = {
			isa = PBXGroup;
			children = (
				B1492FC71B5BCED80043ED8D /* CodePieceTests.swift */,
				B13746931B6512360068414B /* FontTests.swift */,
				B1492FC91B5BCED80043ED8D /* Info.plist */,
			);
			path = CodePieceTests;
			sourceTree = "<group>";
		};
		B1492FD11B5BCED80043ED8D /* CodePieceUITests */ = {
			isa = PBXGroup;
			children = (
				B1492FD21B5BCED80043ED8D /* CodePieceUITests.swift */,
				B1492FD41B5BCED80043ED8D /* Info.plist */,
			);
			path = CodePieceUITests;
			sourceTree = "<group>";
		};
		B1492FE21B5BD2510043ED8D /* Settings */ = {
			isa = PBXGroup;
			children = (
				B1D2D6981B5DEA2600794EFD /* DataStore.swift */,
				B1D2D6711B5D490800794EFD /* Settings.swift */,
				B1492FE31B5BD26B0043ED8D /* ProjectSetting.swift */,
				B1492FE51B5BD2A10043ED8D /* AccountSeting.swift */,
				B1D2D6691B5D448100794EFD /* Authorization */,
			);
			path = Settings;
			sourceTree = "<group>";
		};
		B1492FE71B5BDA4B0043ED8D /* Menu */ = {
			isa = PBXGroup;
			children = (
				B1D2D6751B5D525C00794EFD /* MenuController.swift */,
			);
			path = Menu;
			sourceTree = "<group>";
		};
		B17C88C41B66E66800CBF20F /* Scripts */ = {
			isa = PBXGroup;
			children = (
				B17C88C51B66E68D00CBF20F /* ArchiveZip.sh */,
			);
			path = Scripts;
			sourceTree = "<group>";
		};
		B17DAF5C1B652959004CE4D2 /* Codes */ = {
			isa = PBXGroup;
			children = (
				B17DAF5D1B6529A0004CE4D2 /* WebCaptureController.swift */,
			);
			path = Codes;
			sourceTree = "<group>";
		};
		B1BB59EF1B5E714800DE3942 /* SNS */ = {
			isa = PBXGroup;
			children = (
				B1BB59F01B5E714800DE3942 /* DescriptionGenerator.swift */,
				B1BB59F61B5E718900DE3942 /* SNSController.swift */,
				B1BB59F11B5E714800DE3942 /* GistsController.swift */,
				B1BB59F41B5E715B00DE3942 /* TwitterController.swift */,
				B128CB5C1B67853C00859D81 /* Twitter.swift */,
			);
			path = SNS;
			sourceTree = "<group>";
		};
		B1D2D6691B5D448100794EFD /* Authorization */ = {
			isa = PBXGroup;
			children = (
				B1D2D66A1B5D44A800794EFD /* Authorization.swift */,
			);
			path = Authorization;
			sourceTree = "<group>";
		};
		B1D2D67D1B5D564100794EFD /* References */ = {
			isa = PBXGroup;
			children = (
				B1D2D67E1B5D566000794EFD /* Storyboard.swift */,
			);
			path = References;
			sourceTree = "<group>";
		};
		B1D2D6801B5D5EA000794EFD /* Preferences */ = {
			isa = PBXGroup;
			children = (
				B1D2D6811B5D5ED400794EFD /* PreferencesWindow.storyboard */,
				B1D2D6821B5D5ED400794EFD /* PreferencesWindowController.swift */,
				B1D2D6851B5D5F4000794EFD /* GitHubPreferenceView.storyboard */,
				B1D2D6891B5D5FCD00794EFD /* GitHubPreferenceViewController.swift */,
				B1D2D6961B5DACE100794EFD /* GitHubPreferenceAuthenticationViewController.swift */,
				B12460EA1B5FA0210036A690 /* TwitterPreferenceView.storyboard */,
				B12460E81B5FA0090036A690 /* TwitterPreferenceViewController.swift */,
			);
			path = Preferences;
			sourceTree = "<group>";
		};
		B1D2D69A1B5DFF5200794EFD /* Constants */ = {
			isa = PBXGroup;
			children = (
				B1D2D69B1B5DFF7400794EFD /* Colors.swift */,
				B137468C1B6506000068414B /* Fonts.swift */,
				B1D2D6A51B5E2B2800794EFD /* Notifications.swift */,
			);
			path = Constants;
			sourceTree = "<group>";
		};
		B1D2D69D1B5E09CF00794EFD /* Private */ = {
			isa = PBXGroup;
			children = (
				B1D2D69E1B5E0A1D00794EFD /* CodePieceClientInfo.swift */,
			);
			path = Private;
			sourceTree = "<group>";
		};
		B1D2D6A01B5E19B900794EFD /* Alerts */ = {
			isa = PBXGroup;
			children = (
				B1D2D6A11B5E19D100794EFD /* Alert.swift */,
			);
			path = Alerts;
			sourceTree = "<group>";
		};
		B1D2D6B11B5E619E00794EFD /* Resources */ = {
			isa = PBXGroup;
			children = (
				B17C88C41B66E66800CBF20F /* Scripts */,
				B1D2D6B21B5E61B400794EFD /* Fonts */,
			);
			path = Resources;
			sourceTree = "<group>";
		};
		B1D2D6B21B5E61B400794EFD /* Fonts */ = {
			isa = PBXGroup;
			children = (
				B1D2D6B31B5E620300794EFD /* SourceCodePro-Regular.otf */,
			);
			path = Fonts;
			sourceTree = "<group>";
		};
		D44070DA70174B40A6FB9883 /* Pods */ = {
			isa = PBXGroup;
			children = (
				D6B457359224F9E2FA023078 /* Pods-CodePiece.debug.xcconfig */,
				7325907F2375CBF16B47D026 /* Pods-CodePiece.release.xcconfig */,
			);
			name = Pods;
			sourceTree = "<group>";
		};
/* End PBXGroup section */

/* Begin PBXNativeTarget section */
		B1492FB11B5BCED80043ED8D /* CodePiece */ = {
			isa = PBXNativeTarget;
			buildConfigurationList = B1492FD71B5BCED80043ED8D /* Build configuration list for PBXNativeTarget "CodePiece" */;
			buildPhases = (
				C20072E337D4D256BD8A1159 /* Check Pods Manifest.lock */,
				B1492FAE1B5BCED80043ED8D /* Sources */,
				B1492FAF1B5BCED80043ED8D /* Frameworks */,
				B1492FB01B5BCED80043ED8D /* Resources */,
				B13746911B6511CF0068414B /* Copy Font Resources */,
				B17C88C01B66BEF300CBF20F /* Copy Documents */,
				B1D2D6AA1B5E3CB400794EFD /* Embed Frameworks */,
				F8B9F120ABB856B634077A1F /* Embed Pods Frameworks */,
				F72213FE2DCABF4F6BB4DD97 /* Copy Pods Resources */,
			);
			buildRules = (
			);
			dependencies = (
			);
			name = CodePiece;
			productName = CodePiece;
			productReference = B1492FB21B5BCED80043ED8D /* CodePiece.app */;
			productType = "com.apple.product-type.application";
		};
		B1492FC21B5BCED80043ED8D /* CodePieceTests */ = {
			isa = PBXNativeTarget;
			buildConfigurationList = B1492FDA1B5BCED80043ED8D /* Build configuration list for PBXNativeTarget "CodePieceTests" */;
			buildPhases = (
				B1492FBF1B5BCED80043ED8D /* Sources */,
				B1492FC01B5BCED80043ED8D /* Frameworks */,
				B1492FC11B5BCED80043ED8D /* Resources */,
			);
			buildRules = (
			);
			dependencies = (
				B1492FC51B5BCED80043ED8D /* PBXTargetDependency */,
			);
			name = CodePieceTests;
			productName = CodePieceTests;
			productReference = B1492FC31B5BCED80043ED8D /* CodePieceTests.xctest */;
			productType = "com.apple.product-type.bundle.unit-test";
		};
		B1492FCD1B5BCED80043ED8D /* CodePieceUITests */ = {
			isa = PBXNativeTarget;
			buildConfigurationList = B1492FDD1B5BCED80043ED8D /* Build configuration list for PBXNativeTarget "CodePieceUITests" */;
			buildPhases = (
				B1492FCA1B5BCED80043ED8D /* Sources */,
				B1492FCB1B5BCED80043ED8D /* Frameworks */,
				B1492FCC1B5BCED80043ED8D /* Resources */,
			);
			buildRules = (
			);
			dependencies = (
				B1492FD01B5BCED80043ED8D /* PBXTargetDependency */,
			);
			name = CodePieceUITests;
			productName = CodePieceUITests;
			productReference = B1492FCE1B5BCED80043ED8D /* CodePieceUITests.xctest */;
			productType = "com.apple.product-type.bundle.ui-testing";
		};
/* End PBXNativeTarget section */

/* Begin PBXProject section */
		B1492FAA1B5BCED80043ED8D /* Project object */ = {
			isa = PBXProject;
			attributes = {
				LastUpgradeCheck = 0700;
				ORGANIZATIONNAME = "EasyStyle G.K.";
				TargetAttributes = {
					B1492FB11B5BCED80043ED8D = {
						CreatedOnToolsVersion = 7.0;
						DevelopmentTeam = 89282N6UM7;
						SystemCapabilities = {
							com.apple.Keychain = {
								enabled = 1;
							};
							com.apple.Sandbox = {
								enabled = 1;
							};
						};
					};
					B1492FC21B5BCED80043ED8D = {
						CreatedOnToolsVersion = 7.0;
						TestTargetID = B1492FB11B5BCED80043ED8D;
					};
					B1492FCD1B5BCED80043ED8D = {
						CreatedOnToolsVersion = 7.0;
						TestTargetID = B1492FB11B5BCED80043ED8D;
					};
				};
			};
			buildConfigurationList = B1492FAD1B5BCED80043ED8D /* Build configuration list for PBXProject "CodePiece" */;
			compatibilityVersion = "Xcode 3.2";
			developmentRegion = English;
			hasScannedForEncodings = 0;
			knownRegions = (
				en,
				Base,
			);
			mainGroup = B1492FA91B5BCED80043ED8D;
			productRefGroup = B1492FB31B5BCED80043ED8D /* Products */;
			projectDirPath = "";
			projectRoot = "";
			targets = (
				B1492FB11B5BCED80043ED8D /* CodePiece */,
				B1492FC21B5BCED80043ED8D /* CodePieceTests */,
				B1492FCD1B5BCED80043ED8D /* CodePieceUITests */,
			);
		};
/* End PBXProject section */

/* Begin PBXResourcesBuildPhase section */
		B1492FB01B5BCED80043ED8D /* Resources */ = {
			isa = PBXResourcesBuildPhase;
			buildActionMask = 2147483647;
			files = (
				B1D2D6861B5D5F4000794EFD /* GitHubPreferenceView.storyboard in Resources */,
				B1492FBA1B5BCED80043ED8D /* Assets.xcassets in Resources */,
				B12460EB1B5FA0210036A690 /* TwitterPreferenceView.storyboard in Resources */,
				B1D2D6831B5D5ED400794EFD /* PreferencesWindow.storyboard in Resources */,
				B1492FBD1B5BCED80043ED8D /* Main.storyboard in Resources */,
			);
			runOnlyForDeploymentPostprocessing = 0;
		};
		B1492FC11B5BCED80043ED8D /* Resources */ = {
			isa = PBXResourcesBuildPhase;
			buildActionMask = 2147483647;
			files = (
			);
			runOnlyForDeploymentPostprocessing = 0;
		};
		B1492FCC1B5BCED80043ED8D /* Resources */ = {
			isa = PBXResourcesBuildPhase;
			buildActionMask = 2147483647;
			files = (
			);
			runOnlyForDeploymentPostprocessing = 0;
		};
/* End PBXResourcesBuildPhase section */

/* Begin PBXShellScriptBuildPhase section */
		C20072E337D4D256BD8A1159 /* Check Pods Manifest.lock */ = {
			isa = PBXShellScriptBuildPhase;
			buildActionMask = 2147483647;
			files = (
			);
			inputPaths = (
			);
			name = "Check Pods Manifest.lock";
			outputPaths = (
			);
			runOnlyForDeploymentPostprocessing = 0;
			shellPath = /bin/sh;
			shellScript = "diff \"${PODS_ROOT}/../Podfile.lock\" \"${PODS_ROOT}/Manifest.lock\" > /dev/null\nif [[ $? != 0 ]] ; then\n    cat << EOM\nerror: The sandbox is not in sync with the Podfile.lock. Run 'pod install' or update your CocoaPods installation.\nEOM\n    exit 1\nfi\n";
			showEnvVarsInLog = 0;
		};
		F72213FE2DCABF4F6BB4DD97 /* Copy Pods Resources */ = {
			isa = PBXShellScriptBuildPhase;
			buildActionMask = 2147483647;
			files = (
			);
			inputPaths = (
			);
			name = "Copy Pods Resources";
			outputPaths = (
			);
			runOnlyForDeploymentPostprocessing = 0;
			shellPath = /bin/sh;
			shellScript = "\"${SRCROOT}/Pods/Target Support Files/Pods-CodePiece/Pods-CodePiece-resources.sh\"\n";
			showEnvVarsInLog = 0;
		};
		F8B9F120ABB856B634077A1F /* Embed Pods Frameworks */ = {
			isa = PBXShellScriptBuildPhase;
			buildActionMask = 2147483647;
			files = (
			);
			inputPaths = (
			);
			name = "Embed Pods Frameworks";
			outputPaths = (
			);
			runOnlyForDeploymentPostprocessing = 0;
			shellPath = /bin/sh;
			shellScript = "\"${SRCROOT}/Pods/Target Support Files/Pods-CodePiece/Pods-CodePiece-frameworks.sh\"\n";
			showEnvVarsInLog = 0;
		};
/* End PBXShellScriptBuildPhase section */

/* Begin PBXSourcesBuildPhase section */
		B1492FAE1B5BCED80043ED8D /* Sources */ = {
			isa = PBXSourcesBuildPhase;
			buildActionMask = 2147483647;
			files = (
				B1D2D6971B5DACE100794EFD /* GitHubPreferenceAuthenticationViewController.swift in Sources */,
				B1BB59F31B5E714800DE3942 /* GistsController.swift in Sources */,
				B1D2D6A21B5E19D100794EFD /* Alert.swift in Sources */,
				B1D2D6761B5D525C00794EFD /* MenuController.swift in Sources */,
				B128CB5D1B67853C00859D81 /* Twitter.swift in Sources */,
				B128CB5B1B6777DD00859D81 /* HashtagTextField.swift in Sources */,
				B1D2D6841B5D5ED400794EFD /* PreferencesWindowController.swift in Sources */,
				B12460E91B5FA0090036A690 /* TwitterPreferenceViewController.swift in Sources */,
				B1492FE41B5BD26B0043ED8D /* ProjectSetting.swift in Sources */,
				B1492FE61B5BD2A10043ED8D /* AccountSeting.swift in Sources */,
				B1BB59F21B5E714800DE3942 /* DescriptionGenerator.swift in Sources */,
				B1D2D6991B5DEA2600794EFD /* DataStore.swift in Sources */,
				B1BB59F51B5E715B00DE3942 /* TwitterController.swift in Sources */,
				B1D2D6A41B5E1D5400794EFD /* Extension.swift in Sources */,
				B1D3C10E1B620D1700CD8CD8 /* BaseWindowController.swift in Sources */,
				B1D2D68B1B5D5FCD00794EFD /* GitHubPreferenceViewController.swift in Sources */,
				B1492FB81B5BCED80043ED8D /* ViewController.swift in Sources */,
				B1D2D69C1B5DFF7400794EFD /* Colors.swift in Sources */,
				B137468D1B6506000068414B /* Fonts.swift in Sources */,
				B1492FB61B5BCED80043ED8D /* AppDelegate.swift in Sources */,
				B1D2D69F1B5E0A1D00794EFD /* CodePieceClientInfo.swift in Sources */,
				B1D2D6A61B5E2B2800794EFD /* Notifications.swift in Sources */,
				B1BB59F71B5E718900DE3942 /* SNSController.swift in Sources */,
				B1D2D6721B5D490800794EFD /* Settings.swift in Sources */,
				B1D2D67F1B5D566000794EFD /* Storyboard.swift in Sources */,
				B17DAF5E1B6529A0004CE4D2 /* WebCaptureController.swift in Sources */,
				B1D2D66B1B5D44A800794EFD /* Authorization.swift in Sources */,
			);
			runOnlyForDeploymentPostprocessing = 0;
		};
		B1492FBF1B5BCED80043ED8D /* Sources */ = {
			isa = PBXSourcesBuildPhase;
			buildActionMask = 2147483647;
			files = (
				B13746941B6512360068414B /* FontTests.swift in Sources */,
				B1492FC81B5BCED80043ED8D /* CodePieceTests.swift in Sources */,
			);
			runOnlyForDeploymentPostprocessing = 0;
		};
		B1492FCA1B5BCED80043ED8D /* Sources */ = {
			isa = PBXSourcesBuildPhase;
			buildActionMask = 2147483647;
			files = (
				B1492FD31B5BCED80043ED8D /* CodePieceUITests.swift in Sources */,
			);
			runOnlyForDeploymentPostprocessing = 0;
		};
/* End PBXSourcesBuildPhase section */

/* Begin PBXTargetDependency section */
		B1492FC51B5BCED80043ED8D /* PBXTargetDependency */ = {
			isa = PBXTargetDependency;
			target = B1492FB11B5BCED80043ED8D /* CodePiece */;
			targetProxy = B1492FC41B5BCED80043ED8D /* PBXContainerItemProxy */;
		};
		B1492FD01B5BCED80043ED8D /* PBXTargetDependency */ = {
			isa = PBXTargetDependency;
			target = B1492FB11B5BCED80043ED8D /* CodePiece */;
			targetProxy = B1492FCF1B5BCED80043ED8D /* PBXContainerItemProxy */;
		};
/* End PBXTargetDependency section */

/* Begin PBXVariantGroup section */
		B1492FBB1B5BCED80043ED8D /* Main.storyboard */ = {
			isa = PBXVariantGroup;
			children = (
				B1492FBC1B5BCED80043ED8D /* Base */,
			);
			name = Main.storyboard;
			sourceTree = "<group>";
		};
/* End PBXVariantGroup section */

/* Begin XCBuildConfiguration section */
		B1492FD51B5BCED80043ED8D /* Debug */ = {
			isa = XCBuildConfiguration;
			buildSettings = {
				ALWAYS_SEARCH_USER_PATHS = NO;
				CLANG_CXX_LANGUAGE_STANDARD = "gnu++0x";
				CLANG_CXX_LIBRARY = "libc++";
				CLANG_ENABLE_MODULES = YES;
				CLANG_ENABLE_OBJC_ARC = YES;
				CLANG_WARN_BOOL_CONVERSION = YES;
				CLANG_WARN_CONSTANT_CONVERSION = YES;
				CLANG_WARN_DIRECT_OBJC_ISA_USAGE = YES_ERROR;
				CLANG_WARN_EMPTY_BODY = YES;
				CLANG_WARN_ENUM_CONVERSION = YES;
				CLANG_WARN_INT_CONVERSION = YES;
				CLANG_WARN_OBJC_ROOT_CLASS = YES_ERROR;
				CLANG_WARN_UNREACHABLE_CODE = YES;
				CLANG_WARN__DUPLICATE_METHOD_MATCH = YES;
				CODE_SIGN_IDENTITY = "-";
				COPY_PHASE_STRIP = NO;
				DEBUG_INFORMATION_FORMAT = dwarf;
				ENABLE_STRICT_OBJC_MSGSEND = YES;
				ENABLE_TESTABILITY = YES;
				GCC_C_LANGUAGE_STANDARD = gnu99;
				GCC_DYNAMIC_NO_PIC = NO;
				GCC_NO_COMMON_BLOCKS = YES;
				GCC_OPTIMIZATION_LEVEL = 0;
				GCC_PREPROCESSOR_DEFINITIONS = (
					"DEBUG=1",
					"$(inherited)",
				);
				GCC_WARN_64_TO_32_BIT_CONVERSION = YES;
				GCC_WARN_ABOUT_RETURN_TYPE = YES_ERROR;
				GCC_WARN_UNDECLARED_SELECTOR = YES;
				GCC_WARN_UNINITIALIZED_AUTOS = YES_AGGRESSIVE;
				GCC_WARN_UNUSED_FUNCTION = YES;
				GCC_WARN_UNUSED_VARIABLE = YES;
				MACOSX_DEPLOYMENT_TARGET = 10.10;
				MTL_ENABLE_DEBUG_INFO = YES;
				ONLY_ACTIVE_ARCH = YES;
				OTHER_SWIFT_FLAGS = "-DDEBUG";
				SDKROOT = macosx;
				SWIFT_OPTIMIZATION_LEVEL = "-Onone";
			};
			name = Debug;
		};
		B1492FD61B5BCED80043ED8D /* Release */ = {
			isa = XCBuildConfiguration;
			buildSettings = {
				ALWAYS_SEARCH_USER_PATHS = NO;
				CLANG_CXX_LANGUAGE_STANDARD = "gnu++0x";
				CLANG_CXX_LIBRARY = "libc++";
				CLANG_ENABLE_MODULES = YES;
				CLANG_ENABLE_OBJC_ARC = YES;
				CLANG_WARN_BOOL_CONVERSION = YES;
				CLANG_WARN_CONSTANT_CONVERSION = YES;
				CLANG_WARN_DIRECT_OBJC_ISA_USAGE = YES_ERROR;
				CLANG_WARN_EMPTY_BODY = YES;
				CLANG_WARN_ENUM_CONVERSION = YES;
				CLANG_WARN_INT_CONVERSION = YES;
				CLANG_WARN_OBJC_ROOT_CLASS = YES_ERROR;
				CLANG_WARN_UNREACHABLE_CODE = YES;
				CLANG_WARN__DUPLICATE_METHOD_MATCH = YES;
				CODE_SIGN_IDENTITY = "-";
				COPY_PHASE_STRIP = NO;
				DEBUG_INFORMATION_FORMAT = "dwarf-with-dsym";
				ENABLE_NS_ASSERTIONS = NO;
				ENABLE_STRICT_OBJC_MSGSEND = YES;
				GCC_C_LANGUAGE_STANDARD = gnu99;
				GCC_NO_COMMON_BLOCKS = YES;
				GCC_WARN_64_TO_32_BIT_CONVERSION = YES;
				GCC_WARN_ABOUT_RETURN_TYPE = YES_ERROR;
				GCC_WARN_UNDECLARED_SELECTOR = YES;
				GCC_WARN_UNINITIALIZED_AUTOS = YES_AGGRESSIVE;
				GCC_WARN_UNUSED_FUNCTION = YES;
				GCC_WARN_UNUSED_VARIABLE = YES;
				MACOSX_DEPLOYMENT_TARGET = 10.10;
				MTL_ENABLE_DEBUG_INFO = NO;
				SDKROOT = macosx;
			};
			name = Release;
		};
		B1492FD81B5BCED80043ED8D /* Debug */ = {
			isa = XCBuildConfiguration;
			baseConfigurationReference = D6B457359224F9E2FA023078 /* Pods-CodePiece.debug.xcconfig */;
			buildSettings = {
				ASSETCATALOG_COMPILER_APPICON_NAME = AppIcon;
				CODE_SIGN_ENTITLEMENTS = CodePiece/CodePiece.entitlements;
				CODE_SIGN_IDENTITY = "";
				"CODE_SIGN_IDENTITY[sdk=*]" = "Mac Developer";
				COMBINE_HIDPI_IMAGES = YES;
				INFOPLIST_FILE = CodePiece/Info.plist;
				LD_RUNPATH_SEARCH_PATHS = "$(inherited) @executable_path/../Frameworks";
				OTHER_SWIFT_FLAGS = "$(inherited) \"-D\" \"COCOAPODS\"";
				PRODUCT_BUNDLE_IDENTIFIER = "jp.ez-style.appid.CodePiece";
				PRODUCT_NAME = "$(TARGET_NAME)";
				PROVISIONING_PROFILE = "";
			};
			name = Debug;
		};
		B1492FD91B5BCED80043ED8D /* Release */ = {
			isa = XCBuildConfiguration;
			baseConfigurationReference = 7325907F2375CBF16B47D026 /* Pods-CodePiece.release.xcconfig */;
			buildSettings = {
				ASSETCATALOG_COMPILER_APPICON_NAME = AppIcon;
				CODE_SIGN_ENTITLEMENTS = CodePiece/CodePiece.entitlements;
				COMBINE_HIDPI_IMAGES = YES;
				INFOPLIST_FILE = CodePiece/Info.plist;
				LD_RUNPATH_SEARCH_PATHS = "$(inherited) @executable_path/../Frameworks";
				OTHER_SWIFT_FLAGS = "$(inherited) \"-D\" \"COCOAPODS\"";
				PRODUCT_BUNDLE_IDENTIFIER = "jp.ez-style.appid.CodePiece";
				PRODUCT_NAME = "$(TARGET_NAME)";
				PROVISIONING_PROFILE = "";
			};
			name = Release;
		};
		B1492FDB1B5BCED80043ED8D /* Debug */ = {
			isa = XCBuildConfiguration;
			buildSettings = {
				BUNDLE_LOADER = "$(TEST_HOST)";
				COMBINE_HIDPI_IMAGES = YES;
				INFOPLIST_FILE = CodePieceTests/Info.plist;
				LD_RUNPATH_SEARCH_PATHS = "$(inherited) @executable_path/../Frameworks @loader_path/../Frameworks";
				PRODUCT_BUNDLE_IDENTIFIER = "jp.ez-style.appid.CodePieceTests";
				PRODUCT_NAME = "$(TARGET_NAME)";
				TEST_HOST = "$(BUILT_PRODUCTS_DIR)/CodePiece.app/Contents/MacOS/CodePiece";
			};
			name = Debug;
		};
		B1492FDC1B5BCED80043ED8D /* Release */ = {
			isa = XCBuildConfiguration;
			buildSettings = {
				BUNDLE_LOADER = "$(TEST_HOST)";
				COMBINE_HIDPI_IMAGES = YES;
				INFOPLIST_FILE = CodePieceTests/Info.plist;
				LD_RUNPATH_SEARCH_PATHS = "$(inherited) @executable_path/../Frameworks @loader_path/../Frameworks";
				PRODUCT_BUNDLE_IDENTIFIER = "jp.ez-style.appid.CodePieceTests";
				PRODUCT_NAME = "$(TARGET_NAME)";
				TEST_HOST = "$(BUILT_PRODUCTS_DIR)/CodePiece.app/Contents/MacOS/CodePiece";
			};
			name = Release;
		};
		B1492FDE1B5BCED80043ED8D /* Debug */ = {
			isa = XCBuildConfiguration;
			buildSettings = {
				COMBINE_HIDPI_IMAGES = YES;
				INFOPLIST_FILE = CodePieceUITests/Info.plist;
				LD_RUNPATH_SEARCH_PATHS = "$(inherited) @executable_path/../Frameworks @loader_path/../Frameworks";
				PRODUCT_BUNDLE_IDENTIFIER = "jp.ez-style.appid.CodePieceUITests";
				PRODUCT_NAME = "$(TARGET_NAME)";
				TEST_TARGET_NAME = CodePiece;
				USES_XCTRUNNER = YES;
			};
			name = Debug;
		};
		B1492FDF1B5BCED80043ED8D /* Release */ = {
			isa = XCBuildConfiguration;
			buildSettings = {
				COMBINE_HIDPI_IMAGES = YES;
				INFOPLIST_FILE = CodePieceUITests/Info.plist;
				LD_RUNPATH_SEARCH_PATHS = "$(inherited) @executable_path/../Frameworks @loader_path/../Frameworks";
				PRODUCT_BUNDLE_IDENTIFIER = "jp.ez-style.appid.CodePieceUITests";
				PRODUCT_NAME = "$(TARGET_NAME)";
				TEST_TARGET_NAME = CodePiece;
				USES_XCTRUNNER = YES;
			};
			name = Release;
		};
/* End XCBuildConfiguration section */

/* Begin XCConfigurationList section */
		B1492FAD1B5BCED80043ED8D /* Build configuration list for PBXProject "CodePiece" */ = {
			isa = XCConfigurationList;
			buildConfigurations = (
				B1492FD51B5BCED80043ED8D /* Debug */,
				B1492FD61B5BCED80043ED8D /* Release */,
			);
			defaultConfigurationIsVisible = 0;
			defaultConfigurationName = Release;
		};
		B1492FD71B5BCED80043ED8D /* Build configuration list for PBXNativeTarget "CodePiece" */ = {
			isa = XCConfigurationList;
			buildConfigurations = (
				B1492FD81B5BCED80043ED8D /* Debug */,
				B1492FD91B5BCED80043ED8D /* Release */,
			);
			defaultConfigurationIsVisible = 0;
			defaultConfigurationName = Release;
		};
		B1492FDA1B5BCED80043ED8D /* Build configuration list for PBXNativeTarget "CodePieceTests" */ = {
			isa = XCConfigurationList;
			buildConfigurations = (
				B1492FDB1B5BCED80043ED8D /* Debug */,
				B1492FDC1B5BCED80043ED8D /* Release */,
			);
			defaultConfigurationIsVisible = 0;
			defaultConfigurationName = Release;
		};
		B1492FDD1B5BCED80043ED8D /* Build configuration list for PBXNativeTarget "CodePieceUITests" */ = {
			isa = XCConfigurationList;
			buildConfigurations = (
				B1492FDE1B5BCED80043ED8D /* Debug */,
				B1492FDF1B5BCED80043ED8D /* Release */,
			);
			defaultConfigurationIsVisible = 0;
			defaultConfigurationName = Release;
		};
/* End XCConfigurationList section */
	};
	rootObject = B1492FAA1B5BCED80043ED8D /* Project object */;
}
